
Microsoft Visual Studio Solution File, Format Version 12.00
# Visual Studio Version 17
VisualStudioVersion = 17.2.32630.192
MinimumVisualStudioVersion = 10.0.40219.1
Project("{778DAE3C-4631-46EA-AA77-85C1314464D9}") = "Hana Media Encoder", "Hana Media Encoder.vbproj", "{F0132ABE-76CD-4BA5-B85A-B109515C86BF}"
EndProject
Project("{54435603-DBB4-11D2-8724-00A0C9A8B90C}") = "Hana Media Encoder - Setup", "..\HME-Setup\HME-Setup.vdproj", "{FE54B7A1-35AC-4D23-A42F-800531132C05}"
EndProject
Global
	GlobalSection(SolutionConfigurationPlatforms) = preSolution
		Debug|Any CPU = Debug|Any CPU
		Release|Any CPU = Release|Any CPU
	EndGlobalSection
	GlobalSection(ProjectConfigurationPlatforms) = postSolution
		{F0132ABE-76CD-4BA5-B85A-B109515C86BF}.Debug|Any CPU.ActiveCfg = Debug|Any CPU
		{F0132ABE-76CD-4BA5-B85A-B109515C86BF}.Debug|Any CPU.Build.0 = Debug|Any CPU
		{F0132ABE-76CD-4BA5-B85A-B109515C86BF}.Release|Any CPU.ActiveCfg = Release|Any CPU
		{F0132ABE-76CD-4BA5-B85A-B109515C86BF}.Release|Any CPU.Build.0 = Release|Any CPU
		{FE54B7A1-35AC-4D23-A42F-800531132C05}.Debug|Any CPU.ActiveCfg = Debug
		{FE54B7A1-35AC-4D23-A42F-800531132C05}.Debug|Any CPU.Build.0 = Debug
		{FE54B7A1-35AC-4D23-A42F-800531132C05}.Release|Any CPU.ActiveCfg = Release
		{FE54B7A1-35AC-4D23-A42F-800531132C05}.Release|Any CPU.Build.0 = Release
	EndGlobalSection
	GlobalSection(SolutionProperties) = preSolution
		HideSolutionNode = FALSE
	EndGlobalSection
	GlobalSection(ExtensibilityGlobals) = postSolution
		SolutionGuid = {E419B3C0-045D-4B7A-9A87-0041FA6E662E}
	EndGlobalSection
EndGlobal
